
Microsoft Visual Studio Solution File, Format Version 12.00
# Visual Studio Version 17
VisualStudioVersion = 17.5.33502.453
MinimumVisualStudioVersion = 10.0.40219.1
Project("{FAE04EC0-301F-11D3-BF4B-00C04F79EFBC}") = "BookStore", "BookStore.csproj", "{6861C7C9-2213-492D-A65E-8A9E07E7751A}"
EndProject
Global
	GlobalSection(SolutionConfigurationPlatforms) = preSolution
		Debug|Any CPU = Debug|Any CPU
		Release|Any CPU = Release|Any CPU
	EndGlobalSection
	GlobalSection(ProjectConfigurationPlatforms) = postSolution
		{6861C7C9-2213-492D-A65E-8A9E07E7751A}.Debug|Any CPU.ActiveCfg = Debug|Any CPU
		{6861C7C9-2213-492D-A65E-8A9E07E7751A}.Debug|Any CPU.Build.0 = Debug|Any CPU
		{6861C7C9-2213-492D-A65E-8A9E07E7751A}.Release|Any CPU.ActiveCfg = Release|Any CPU
		{6861C7C9-2213-492D-A65E-8A9E07E7751A}.Release|Any CPU.Build.0 = Release|Any CPU
	EndGlobalSection
	GlobalSection(SolutionProperties) = preSolution
		HideSolutionNode = FALSE
	EndGlobalSection
	GlobalSection(ExtensibilityGlobals) = postSolution
		SolutionGuid = {4B96E08D-DF00-4E01-B235-FC7630181A81}
	EndGlobalSection
EndGlobal
